{
  "lockfileVersion": 1,
  "configVersion": 0,
  "workspaces": {
    "": {
      "name": "@murasame/driver-opencode",
      "dependencies": {
        "@murasame/adapter-opencode": "git+ssh://git@github.com/kotsutsumi/murasame-adapter-opencode.git#v0.1.0-rc.1",
        "@murasame/protocol": "git+ssh://git@github.com/kotsutsumi/murasame-protocol.git#v0.1.0-rc.1",
        "@murasame/runtime": "git+ssh://git@github.com/kotsutsumi/murasame-runtime.git#v0.1.0-rc.1",
      },
      "devDependencies": {
        "@biomejs/biome": "^2.5.13",
        "bun-types": "^1.3.9",
        "typescript": "^5.9.2",
      },
    },
  },
  "packages": {
    "@biomejs/biome": ["@biomejs/biome@2.5.13", "", { "optionalDependencies": { "@biomejs/cli-darwin-arm64": "2.5.13", "@biomejs/cli-darwin-x64": "2.5.13", "@biomejs/cli-linux-arm64": "2.5.13", "@biomejs/cli-linux-arm64-musl": "2.5.13", "@biomejs/cli-linux-x64": "2.5.13", "@biomejs/cli-linux-x64-musl": "2.5.13", "@biomejs/cli-win32-arm64": "2.5.13", "@biomejs/cli-win32-x64": "2.5.13" }, "bin": { "biome": "bin/biome" } }, ""],

    "@biomejs/cli-darwin-arm64": ["@biomejs/cli-darwin-arm64@2.5.13", "", { "os": "darwin", "cpu": "arm64" }, ""],

    "@biomejs/cli-darwin-x64": ["@biomejs/cli-darwin-x64@2.5.13", "", { "os": "darwin", "cpu": "x64" }, "sha512-KVy1ceEDuJ3AzFxjT9kkxbVy+UANw1pjEMUS6lvKfxjJ+fmkRvc7sQn1Xo6ETgseEI7wUQoV03KSga3XfE8YRQ=="],

    "@biomejs/cli-linux-arm64": ["@biomejs/cli-linux-arm64@2.5.13", "", { "os": "linux", "cpu": "arm64" }, "sha512-VlNMtoxOqs0dUR6drxxHr18SNUvI7xxAuHZlH4s/dstYSf3g6RaqVgo8JRnhcOhKz9afWrvtJTboNG1JuYlIDQ=="],

    "@biomejs/cli-linux-arm64-musl": ["@biomejs/cli-linux-arm64-musl@2.5.13", "", { "os": "linux", "cpu": "arm64" }, "sha512-CH32xpep3dNS5EVJpAHlYchkBYznxyVZQrx0b6YYYlPL9u9ZeD2NtqiK/6s64+HFS2a7hGnryLlqqZAOh8ax5g=="],

    "@biomejs/cli-linux-x64": ["@biomejs/cli-linux-x64@2.5.13", "", { "os": "linux", "cpu": "x64" }, "sha512-Fi6gIxbUaJ3ZCIXeG3ggIBPF76O2DjDN67WrPX/ODRv54GeXPm2gbEPC96Yb0yrJoiH0Eax1JLx1Pi0XbsNFZQ=="],

    "@biomejs/cli-linux-x64-musl": ["@biomejs/cli-linux-x64-musl@2.5.13", "", { "os": "linux", "cpu": "x64" }, "sha512-F3pmwl+VHoUuVJN/tbNLKeLt0SVK3EIyN1jXlMcNyQGYRQQTVqXF+GgkP0/CjGXFN87e/mv0sBfUnWqWza5PKQ=="],

    "@biomejs/cli-win32-arm64": ["@biomejs/cli-win32-arm64@2.5.13", "", { "os": "win32", "cpu": "arm64" }, "sha512-+WD13qshXrr0Icv4BfsAdzm8Fs3TL+nZ59zEQxsYNd8lcgZJ0A5+OrlwsL1PipVCmWeRpxgIPD6DAcEd7smkCQ=="],

    "@biomejs/cli-win32-x64": ["@biomejs/cli-win32-x64@2.5.13", "", { "os": "win32", "cpu": "x64" }, "sha512-VOofU/nW761XWzUeUNE8zzYNyPrxuMuNFMizL0qz7J75yeV8N7WFheUlk1/K6dOkaFpH9wJ+lDKlwjAbw0346w=="],

    "@murasame/adapter-opencode": ["@murasame/adapter-opencode@git+ssh://git@github.com/kotsutsumi/murasame-adapter-opencode.git#2b09a89949a10fdc44da8e805d61815455c57f1d", { "dependencies": { "@murasame/protocol": "git+ssh://git@github.com/kotsutsumi/murasame-protocol.git#v0.1.0-rc.1", "zod": "^4.6.1" } }, "2b09a89949a10fdc44da8e805d61815455c57f1d"],

    "@murasame/animation": ["@murasame/animation@git+ssh://git@github.com/kotsutsumi/murasame-animation.git#df6f83df549dab7be2ca2956351d9e5933a4b787", {}, "df6f83df549dab7be2ca2956351d9e5933a4b787"],

    "@murasame/flow": ["@murasame/flow@git+ssh://git@github.com/kotsutsumi/murasame-flow.git#086188e9355bf5d5475e9673141a40caf5e79629", { "dependencies": { "@murasame/animation": "git+ssh://git@github.com/kotsutsumi/murasame-animation.git#v0.1.0-rc.1" } }, "086188e9355bf5d5475e9673141a40caf5e79629"],

    "@murasame/protocol": ["@murasame/protocol@git+ssh://git@github.com/kotsutsumi/murasame-protocol.git#e652c80373aecd9b0296cf12660e5da5305e28b3", { "dependencies": { "zod": "^4.6.1" } }, "e652c80373aecd9b0296cf12660e5da5305e28b3"],

    "@murasame/runtime": ["@murasame/runtime@git+ssh://git@github.com/kotsutsumi/murasame-runtime.git#258561717b4955dfedf3e34d35e608a96a00600f", { "dependencies": { "@murasame/flow": "git+ssh://git@github.com/kotsutsumi/murasame-flow.git#v0.1.0-rc.1", "@murasame/protocol": "git+ssh://git@github.com/kotsutsumi/murasame-protocol.git#v0.1.0-rc.1" } }, "258561717b4955dfedf3e34d35e608a96a00600f"],

    "@types/node": ["@types/node@22.20.2", "", { "dependencies": { "undici-types": "~6.21.0" } }, ""],

    "bun-types": ["bun-types@1.4.2", "", { "dependencies": { "@types/node": "*" } }, ""],

    "typescript": ["typescript@5.9.3", "", { "bin": { "tsc": "bin/tsc", "tsserver": "bin/tsserver" } }, ""],

    "undici-types": ["undici-types@6.21.0", "", {}, ""],

    "zod": ["zod@4.6.2", "", {}, ""],
  }
}
